// !$*UTF8*$!
{
	archiveVersion = 1;
	classes = {
	};
	objectVersion = 77;
	objects = {

/* Begin PBXBuildFile section */
		08567F290C53C6F08D86754C /* PermissionService.swift in Sources */ = {isa = PBXBuildFile; fileRef = B4C33A44D0055F30BB8159C6 /* PermissionService.swift */; };
		0994BFC5A569D4C617BE4B20 /* ShortcutManager.swift in Sources */ = {isa = PBXBuildFile; fileRef = D9501A0A341074F09308B3E9 /* ShortcutManager.swift */; };
		0A914852748592431DF5C920 /* ModelManager.swift in Sources */ = {isa = PBXBuildFile; fileRef = 254BE7E8F52D4EF8FC2219F6 /* ModelManager.swift */; };
		48A3779CC14CFA7E8C67F1B1 /* WhisperKit in Frameworks */ = {isa = PBXBuildFile; productRef = 9AF4B98FF219E614181A668B /* WhisperKit */; };
		4B9744109DC20F07B00E3F4E /* AiyoWisperApp.swift in Sources */ = {isa = PBXBuildFile; fileRef = 91BB5BD3889DF1E19B158446 /* AiyoWisperApp.swift */; };
		612A94A51030D4C383E79A1C /* Constants.swift in Sources */ = {isa = PBXBuildFile; fileRef = CB93F2DC13D400BE7BA2F459 /* Constants.swift */; };
		6155B5AE3BED94700DCC5ECD /* AppState.swift in Sources */ = {isa = PBXBuildFile; fileRef = A625056815F0721CC6C673E2 /* AppState.swift */; };
		672930A6F99F31001B725781 /* DictationPipeline.swift in Sources */ = {isa = PBXBuildFile; fileRef = C948B47A2217EE8E08D3E707 /* DictationPipeline.swift */; };
		943A4E7747DC974B53C9C05A /* MenuBarView.swift in Sources */ = {isa = PBXBuildFile; fileRef = B7C15B5DEBE22539D3014FB0 /* MenuBarView.swift */; };
		9603911147B3BB430DDC7FEC /* RecordingOverlay.swift in Sources */ = {isa = PBXBuildFile; fileRef = 1A67995E6D050736F1A924D0 /* RecordingOverlay.swift */; };
		9EDBCB1D5BE38FB4C30400FF /* AudioRecorder.swift in Sources */ = {isa = PBXBuildFile; fileRef = 228E4AED20E4762580EDB048 /* AudioRecorder.swift */; };
		A0A204C180EA3AB58EE93F87 /* SmartFormatter.swift in Sources */ = {isa = PBXBuildFile; fileRef = 994DCD537FB0A0D3DB135106 /* SmartFormatter.swift */; };
		C004A35F306EDDE5140D2408 /* HotkeyService.swift in Sources */ = {isa = PBXBuildFile; fileRef = 5AB9276147FF3D4774A3D586 /* HotkeyService.swift */; };
		C27B5BEAB38D6A7F722A1E16 /* OnboardingView.swift in Sources */ = {isa = PBXBuildFile; fileRef = FFE2F72BC18FBE18489E7253 /* OnboardingView.swift */; };
		C3FC7FC3903045D009EBD88C /* TranscriptionEngine.swift in Sources */ = {isa = PBXBuildFile; fileRef = 09836C226C242967F5E312F4 /* TranscriptionEngine.swift */; };
		D26DF2A616A9CBA450A285E7 /* CommandProcessor.swift in Sources */ = {isa = PBXBuildFile; fileRef = 270CC0332E30F077940E8C29 /* CommandProcessor.swift */; };
		E4BC7694188915A9726084D5 /* SettingsView.swift in Sources */ = {isa = PBXBuildFile; fileRef = FBBC768354CC21B30BE8F16B /* SettingsView.swift */; };
		EDD5753A98BF0CF21E1431D4 /* Assets.xcassets in Resources */ = {isa = PBXBuildFile; fileRef = E9AA03911DF98EE733FDC21F /* Assets.xcassets */; };
		F0BA80E09E384D4EE0D01717 /* TextInjector.swift in Sources */ = {isa = PBXBuildFile; fileRef = C1CF4C3BBE9172872377DD0D /* TextInjector.swift */; };
/* End PBXBuildFile section */

/* Begin PBXFileReference section */
		09836C226C242967F5E312F4 /* TranscriptionEngine.swift */ = {isa = PBXFileReference; lastKnownFileType = sourcecode.swift; path = TranscriptionEngine.swift; sourceTree = "<group>"; };
		1A67995E6D050736F1A924D0 /* RecordingOverlay.swift */ = {isa = PBXFileReference; lastKnownFileType = sourcecode.swift; path = RecordingOverlay.swift; sourceTree = "<group>"; };
		228E4AED20E4762580EDB048 /* AudioRecorder.swift */ = {isa = PBXFileReference; lastKnownFileType = sourcecode.swift; path = AudioRecorder.swift; sourceTree = "<group>"; };
		254BE7E8F52D4EF8FC2219F6 /* ModelManager.swift */ = {isa = PBXFileReference; lastKnownFileType = sourcecode.swift; path = ModelManager.swift; sourceTree = "<group>"; };
		270CC0332E30F077940E8C29 /* CommandProcessor.swift */ = {isa = PBXFileReference; lastKnownFileType = sourcecode.swift; path = CommandProcessor.swift; sourceTree = "<group>"; };
		4BAC2BE20473E64500652CA8 /* Info.plist */ = {isa = PBXFileReference; lastKnownFileType = text.plist; path = Info.plist; sourceTree = "<group>"; };
		5AB9276147FF3D4774A3D586 /* HotkeyService.swift */ = {isa = PBXFileReference; lastKnownFileType = sourcecode.swift; path = HotkeyService.swift; sourceTree = "<group>"; };
		91BB5BD3889DF1E19B158446 /* AiyoWisperApp.swift */ = {isa = PBXFileReference; lastKnownFileType = sourcecode.swift; path = AiyoWisperApp.swift; sourceTree = "<group>"; };
		994DCD537FB0A0D3DB135106 /* SmartFormatter.swift */ = {isa = PBXFileReference; lastKnownFileType = sourcecode.swift; path = SmartFormatter.swift; sourceTree = "<group>"; };
		A625056815F0721CC6C673E2 /* AppState.swift */ = {isa = PBXFileReference; lastKnownFileType = sourcecode.swift; path = AppState.swift; sourceTree = "<group>"; };
		B4C33A44D0055F30BB8159C6 /* PermissionService.swift */ = {isa = PBXFileReference; lastKnownFileType = sourcecode.swift; path = PermissionService.swift; sourceTree = "<group>"; };
		B7C15B5DEBE22539D3014FB0 /* MenuBarView.swift */ = {isa = PBXFileReference; lastKnownFileType = sourcecode.swift; path = MenuBarView.swift; sourceTree = "<group>"; };
		C1CF4C3BBE9172872377DD0D /* TextInjector.swift */ = {isa = PBXFileReference; lastKnownFileType = sourcecode.swift; path = TextInjector.swift; sourceTree = "<group>"; };
		C948B47A2217EE8E08D3E707 /* DictationPipeline.swift */ = {isa = PBXFileReference; lastKnownFileType = sourcecode.swift; path = DictationPipeline.swift; sourceTree = "<group>"; };
		CB93F2DC13D400BE7BA2F459 /* Constants.swift */ = {isa = PBXFileReference; lastKnownFileType = sourcecode.swift; path = Constants.swift; sourceTree = "<group>"; };
		D9501A0A341074F09308B3E9 /* ShortcutManager.swift */ = {isa = PBXFileReference; lastKnownFileType = sourcecode.swift; path = ShortcutManager.swift; sourceTree = "<group>"; };
		E662CCC8992231C726CF288F /* AiyoWisper.app */ = {isa = PBXFileReference; explicitFileType = wrapper.application; includeInIndex = 0; path = AiyoWisper.app; sourceTree = BUILT_PRODUCTS_DIR; };
		E9AA03911DF98EE733FDC21F /* Assets.xcassets */ = {isa = PBXFileReference; lastKnownFileType = folder.assetcatalog; path = Assets.xcassets; sourceTree = "<group>"; };
		FBBC768354CC21B30BE8F16B /* SettingsView.swift */ = {isa = PBXFileReference; lastKnownFileType = sourcecode.swift; path = SettingsView.swift; sourceTree = "<group>"; };
		FFE2F72BC18FBE18489E7253 /* OnboardingView.swift */ = {isa = PBXFileReference; lastKnownFileType = sourcecode.swift; path = OnboardingView.swift; sourceTree = "<group>"; };
/* End PBXFileReference section */

/* Begin PBXFrameworksBuildPhase section */
		D5FF3A3471AA3F291CD9A349 /* Frameworks */ = {
			isa = PBXFrameworksBuildPhase;
			buildActionMask = 2147483647;
			files = (
				48A3779CC14CFA7E8C67F1B1 /* WhisperKit in Frameworks */,
			);
			runOnlyForDeploymentPostprocessing = 0;
		};
/* End PBXFrameworksBuildPhase section */

/* Begin PBXGroup section */
		011DCC98BD27A17033CE93EA /* Products */ = {
			isa = PBXGroup;
			children = (
				E662CCC8992231C726CF288F /* AiyoWisper.app */,
			);
			name = Products;
			sourceTree = "<group>";
		};
		07988D06A2AE63B21E351E75 /* Views */ = {
			isa = PBXGroup;
			children = (
				B7C15B5DEBE22539D3014FB0 /* MenuBarView.swift */,
				FFE2F72BC18FBE18489E7253 /* OnboardingView.swift */,
				1A67995E6D050736F1A924D0 /* RecordingOverlay.swift */,
				FBBC768354CC21B30BE8F16B /* SettingsView.swift */,
			);
			path = Views;
			sourceTree = "<group>";
		};
		51E4055B58C10DF21D9148D2 /* AiyoWisper */ = {
			isa = PBXGroup;
			children = (
				91BB5BD3889DF1E19B158446 /* AiyoWisperApp.swift */,
				E9AA03911DF98EE733FDC21F /* Assets.xcassets */,
				4BAC2BE20473E64500652CA8 /* Info.plist */,
				D66283F96DBF7ACA97736DDE /* Models */,
				7C90DD2E7D1836F69604F428 /* Services */,
				744BEC97C3C2F8193EBB26C0 /* Utilities */,
				07988D06A2AE63B21E351E75 /* Views */,
			);
			path = AiyoWisper;
			sourceTree = "<group>";
		};
		744BEC97C3C2F8193EBB26C0 /* Utilities */ = {
			isa = PBXGroup;
			children = (
				CB93F2DC13D400BE7BA2F459 /* Constants.swift */,
			);
			path = Utilities;
			sourceTree = "<group>";
		};
		7C90DD2E7D1836F69604F428 /* Services */ = {
			isa = PBXGroup;
			children = (
				5AB9276147FF3D4774A3D586 /* HotkeyService.swift */,
				254BE7E8F52D4EF8FC2219F6 /* ModelManager.swift */,
				B4C33A44D0055F30BB8159C6 /* PermissionService.swift */,
			);
			path = Services;
			sourceTree = "<group>";
		};
		C009CA32C94E949C4D3ABEEC = {
			isa = PBXGroup;
			children = (
				51E4055B58C10DF21D9148D2 /* AiyoWisper */,
				011DCC98BD27A17033CE93EA /* Products */,
			);
			sourceTree = "<group>";
		};
		D66283F96DBF7ACA97736DDE /* Models */ = {
			isa = PBXGroup;
			children = (
				A625056815F0721CC6C673E2 /* AppState.swift */,
				228E4AED20E4762580EDB048 /* AudioRecorder.swift */,
				270CC0332E30F077940E8C29 /* CommandProcessor.swift */,
				C948B47A2217EE8E08D3E707 /* DictationPipeline.swift */,
				D9501A0A341074F09308B3E9 /* ShortcutManager.swift */,
				994DCD537FB0A0D3DB135106 /* SmartFormatter.swift */,
				C1CF4C3BBE9172872377DD0D /* TextInjector.swift */,
				09836C226C242967F5E312F4 /* TranscriptionEngine.swift */,
			);
			path = Models;
			sourceTree = "<group>";
		};
/* End PBXGroup section */

/* Begin PBXNativeTarget section */
		59CE878B7C81FAB0EB7E5398 /* AiyoWisper */ = {
			isa = PBXNativeTarget;
			buildConfigurationList = D3EE9FB36CF18B8331DE55C7 /* Build configuration list for PBXNativeTarget "AiyoWisper" */;
			buildPhases = (
				76BCA2F94C8C983E94C3C960 /* Sources */,
				4C896D7AB362DD315EFCA399 /* Resources */,
				D5FF3A3471AA3F291CD9A349 /* Frameworks */,
			);
			buildRules = (
			);
			dependencies = (
			);
			name = AiyoWisper;
			packageProductDependencies = (
				9AF4B98FF219E614181A668B /* WhisperKit */,
			);
			productName = AiyoWisper;
			productReference = E662CCC8992231C726CF288F /* AiyoWisper.app */;
			productType = "com.apple.product-type.application";
		};
/* End PBXNativeTarget section */

/* Begin PBXProject section */
		18FDD9345C3C58101066AD63 /* Project object */ = {
			isa = PBXProject;
			attributes = {
				BuildIndependentTargetsInParallel = YES;
				LastUpgradeCheck = 1430;
				TargetAttributes = {
					59CE878B7C81FAB0EB7E5398 = {
						ProvisioningStyle = Automatic;
					};
				};
			};
			buildConfigurationList = 0F28EEFC5C1759BB806280E7 /* Build configuration list for PBXProject "AiyoWisper" */;
			developmentRegion = en;
			hasScannedForEncodings = 0;
			knownRegions = (
				Base,
				en,
			);
			mainGroup = C009CA32C94E949C4D3ABEEC;
			minimizedProjectReferenceProxies = 1;
			packageReferences = (
				ACAF07E0B97FC86649FAB80A /* XCRemoteSwiftPackageReference "WhisperKit" */,
			);
			preferredProjectObjectVersion = 77;
			productRefGroup = 011DCC98BD27A17033CE93EA /* Products */;
			projectDirPath = "";
			projectRoot = "";
			targets = (
				59CE878B7C81FAB0EB7E5398 /* AiyoWisper */,
			);
		};
/* End PBXProject section */

/* Begin PBXResourcesBuildPhase section */
		4C896D7AB362DD315EFCA399 /* Resources */ = {
			isa = PBXResourcesBuildPhase;
			buildActionMask = 2147483647;
			files = (
				EDD5753A98BF0CF21E1431D4 /* Assets.xcassets in Resources */,
			);
			runOnlyForDeploymentPostprocessing = 0;
		};
/* End PBXResourcesBuildPhase section */

/* Begin PBXSourcesBuildPhase section */
		76BCA2F94C8C983E94C3C960 /* Sources */ = {
			isa = PBXSourcesBuildPhase;
			buildActionMask = 2147483647;
			files = (
				4B9744109DC20F07B00E3F4E /* AiyoWisperApp.swift in Sources */,
				6155B5AE3BED94700DCC5ECD /* AppState.swift in Sources */,
				9EDBCB1D5BE38FB4C30400FF /* AudioRecorder.swift in Sources */,
				D26DF2A616A9CBA450A285E7 /* CommandProcessor.swift in Sources */,
				612A94A51030D4C383E79A1C /* Constants.swift in Sources */,
				672930A6F99F31001B725781 /* DictationPipeline.swift in Sources */,
				C004A35F306EDDE5140D2408 /* HotkeyService.swift in Sources */,
				943A4E7747DC974B53C9C05A /* MenuBarView.swift in Sources */,
				0A914852748592431DF5C920 /* ModelManager.swift in Sources */,
				C27B5BEAB38D6A7F722A1E16 /* OnboardingView.swift in Sources */,
				08567F290C53C6F08D86754C /* PermissionService.swift in Sources */,
				9603911147B3BB430DDC7FEC /* RecordingOverlay.swift in Sources */,
				E4BC7694188915A9726084D5 /* SettingsView.swift in Sources */,
				0994BFC5A569D4C617BE4B20 /* ShortcutManager.swift in Sources */,
				A0A204C180EA3AB58EE93F87 /* SmartFormatter.swift in Sources */,
				F0BA80E09E384D4EE0D01717 /* TextInjector.swift in Sources */,
				C3FC7FC3903045D009EBD88C /* TranscriptionEngine.swift in Sources */,
			);
			runOnlyForDeploymentPostprocessing = 0;
		};
/* End PBXSourcesBuildPhase section */

/* Begin XCBuildConfiguration section */
		0271AC8D798797CE74073ACA /* Release */ = {
			isa = XCBuildConfiguration;
			buildSettings = {
				ARCHS = arm64;
				ASSETCATALOG_COMPILER_APPICON_NAME = AppIcon;
				CODE_SIGN_ENTITLEMENTS = AiyoWisper/AiyoWisper.entitlements;
				CODE_SIGN_IDENTITY = "-";
				CODE_SIGN_STYLE = Automatic;
				COMBINE_HIDPI_IMAGES = YES;
				ENABLE_HARDENED_RUNTIME = YES;
				INFOPLIST_FILE = AiyoWisper/Info.plist;
				LD_RUNPATH_SEARCH_PATHS = (
					"$(inherited)",
					"@executable_path/../Frameworks",
				);
				MACOSX_DEPLOYMENT_TARGET = 15.0;
				PRODUCT_BUNDLE_IDENTIFIER = com.aiyo.wisper;
				SDKROOT = macosx;
				SWIFT_STRICT_CONCURRENCY = complete;
				SWIFT_VERSION = 6.0;
			};
			name = Release;
		};
		125F7D66DE5DD6C005B8DBA0 /* Release */ = {
			isa = XCBuildConfiguration;
			buildSettings = {
				ALWAYS_SEARCH_USER_PATHS = NO;
				CLANG_ANALYZER_NONNULL = YES;
				CLANG_ANALYZER_NUMBER_OBJECT_CONVERSION = YES_AGGRESSIVE;
				CLANG_CXX_LANGUAGE_STANDARD = "gnu++14";
				CLANG_CXX_LIBRARY = "libc++";
				CLANG_ENABLE_MODULES = YES;
				CLANG_ENABLE_OBJC_ARC = YES;
				CLANG_ENABLE_OBJC_WEAK = YES;
				CLANG_WARN_BLOCK_CAPTURE_AUTORELEASING = YES;
				CLANG_WARN_BOOL_CONVERSION = YES;
				CLANG_WARN_COMMA = YES;
				CLANG_WARN_CONSTANT_CONVERSION = YES;
				CLANG_WARN_DEPRECATED_OBJC_IMPLEMENTATIONS = YES;
				CLANG_WARN_DIRECT_OBJC_ISA_USAGE = YES_ERROR;
				CLANG_WARN_DOCUMENTATION_COMMENTS = YES;
				CLANG_WARN_EMPTY_BODY = YES;
				CLANG_WARN_ENUM_CONVERSION = YES;
				CLANG_WARN_INFINITE_RECURSION = YES;
				CLANG_WARN_INT_CONVERSION = YES;
				CLANG_WARN_NON_LITERAL_NULL_CONVERSION = YES;
				CLANG_WARN_OBJC_IMPLICIT_RETAIN_SELF = YES;
				CLANG_WARN_OBJC_LITERAL_CONVERSION = YES;
				CLANG_WARN_OBJC_ROOT_CLASS = YES_ERROR;
				CLANG_WARN_QUOTED_INCLUDE_IN_FRAMEWORK_HEADER = YES;
				CLANG_WARN_RANGE_LOOP_ANALYSIS = YES;
				CLANG_WARN_STRICT_PROTOTYPES = YES;
				CLANG_WARN_SUSPICIOUS_MOVE = YES;
				CLANG_WARN_UNGUARDED_AVAILABILITY = YES_AGGRESSIVE;
				CLANG_WARN_UNREACHABLE_CODE = YES;
				CLANG_WARN__DUPLICATE_METHOD_MATCH = YES;
				COPY_PHASE_STRIP = NO;
				DEBUG_INFORMATION_FORMAT = "dwarf-with-dsym";
				ENABLE_NS_ASSERTIONS = NO;
				ENABLE_STRICT_OBJC_MSGSEND = YES;
				GCC_C_LANGUAGE_STANDARD = gnu11;
				GCC_NO_COMMON_BLOCKS = YES;
				GCC_WARN_64_TO_32_BIT_CONVERSION = YES;
				GCC_WARN_ABOUT_RETURN_TYPE = YES_ERROR;
				GCC_WARN_UNDECLARED_SELECTOR = YES;
				GCC_WARN_UNINITIALIZED_AUTOS = YES_AGGRESSIVE;
				GCC_WARN_UNUSED_FUNCTION = YES;
				GCC_WARN_UNUSED_VARIABLE = YES;
				MACOSX_DEPLOYMENT_TARGET = 15.0;
				MTL_ENABLE_DEBUG_INFO = NO;
				MTL_FAST_MATH = YES;
				PRODUCT_NAME = "$(TARGET_NAME)";
				SDKROOT = macosx;
				SWIFT_COMPILATION_MODE = wholemodule;
				SWIFT_OPTIMIZATION_LEVEL = "-O";
				SWIFT_VERSION = 5.0;
			};
			name = Release;
		};
		9EE5D187784F0EC140EE0287 /* Debug */ = {
			isa = XCBuildConfiguration;
			buildSettings = {
				ARCHS = arm64;
				ASSETCATALOG_COMPILER_APPICON_NAME = AppIcon;
				CODE_SIGN_ENTITLEMENTS = AiyoWisper/AiyoWisper.entitlements;
				CODE_SIGN_IDENTITY = "-";
				CODE_SIGN_STYLE = Automatic;
				COMBINE_HIDPI_IMAGES = YES;
				ENABLE_HARDENED_RUNTIME = YES;
				INFOPLIST_FILE = AiyoWisper/Info.plist;
				LD_RUNPATH_SEARCH_PATHS = (
					"$(inherited)",
					"@executable_path/../Frameworks",
				);
				MACOSX_DEPLOYMENT_TARGET = 15.0;
				PRODUCT_BUNDLE_IDENTIFIER = com.aiyo.wisper;
				SDKROOT = macosx;
				SWIFT_STRICT_CONCURRENCY = complete;
				SWIFT_VERSION = 6.0;
			};
			name = Debug;
		};
		AEEBAE222EB99317224CA96E /* Debug */ = {
			isa = XCBuildConfiguration;
			buildSettings = {
				ALWAYS_SEARCH_USER_PATHS = NO;
				CLANG_ANALYZER_NONNULL = YES;
				CLANG_ANALYZER_NUMBER_OBJECT_CONVERSION = YES_AGGRESSIVE;
				CLANG_CXX_LANGUAGE_STANDARD = "gnu++14";
				CLANG_CXX_LIBRARY = "libc++";
				CLANG_ENABLE_MODULES = YES;
				CLANG_ENABLE_OBJC_ARC = YES;
				CLANG_ENABLE_OBJC_WEAK = YES;
				CLANG_WARN_BLOCK_CAPTURE_AUTORELEASING = YES;
				CLANG_WARN_BOOL_CONVERSION = YES;
				CLANG_WARN_COMMA = YES;
				CLANG_WARN_CONSTANT_CONVERSION = YES;
				CLANG_WARN_DEPRECATED_OBJC_IMPLEMENTATIONS = YES;
				CLANG_WARN_DIRECT_OBJC_ISA_USAGE = YES_ERROR;
				CLANG_WARN_DOCUMENTATION_COMMENTS = YES;
				CLANG_WARN_EMPTY_BODY = YES;
				CLANG_WARN_ENUM_CONVERSION = YES;
				CLANG_WARN_INFINITE_RECURSION = YES;
				CLANG_WARN_INT_CONVERSION = YES;
				CLANG_WARN_NON_LITERAL_NULL_CONVERSION = YES;
				CLANG_WARN_OBJC_IMPLICIT_RETAIN_SELF = YES;
				CLANG_WARN_OBJC_LITERAL_CONVERSION = YES;
				CLANG_WARN_OBJC_ROOT_CLASS = YES_ERROR;
				CLANG_WARN_QUOTED_INCLUDE_IN_FRAMEWORK_HEADER = YES;
				CLANG_WARN_RANGE_LOOP_ANALYSIS = YES;
				CLANG_WARN_STRICT_PROTOTYPES = YES;
				CLANG_WARN_SUSPICIOUS_MOVE = YES;
				CLANG_WARN_UNGUARDED_AVAILABILITY = YES_AGGRESSIVE;
				CLANG_WARN_UNREACHABLE_CODE = YES;
				CLANG_WARN__DUPLICATE_METHOD_MATCH = YES;
				COPY_PHASE_STRIP = NO;
				DEBUG_INFORMATION_FORMAT = dwarf;
				ENABLE_STRICT_OBJC_MSGSEND = YES;
				ENABLE_TESTABILITY = YES;
				GCC_C_LANGUAGE_STANDARD = gnu11;
				GCC_DYNAMIC_NO_PIC = NO;
				GCC_NO_COMMON_BLOCKS = YES;
				GCC_OPTIMIZATION_LEVEL = 0;
				GCC_PREPROCESSOR_DEFINITIONS = (
					"$(inherited)",
					"DEBUG=1",
				);
				GCC_WARN_64_TO_32_BIT_CONVERSION = YES;
				GCC_WARN_ABOUT_RETURN_TYPE = YES_ERROR;
				GCC_WARN_UNDECLARED_SELECTOR = YES;
				GCC_WARN_UNINITIALIZED_AUTOS = YES_AGGRESSIVE;
				GCC_WARN_UNUSED_FUNCTION = YES;
				GCC_WARN_UNUSED_VARIABLE = YES;
				MACOSX_DEPLOYMENT_TARGET = 15.0;
				MTL_ENABLE_DEBUG_INFO = INCLUDE_SOURCE;
				MTL_FAST_MATH = YES;
				ONLY_ACTIVE_ARCH = YES;
				PRODUCT_NAME = "$(TARGET_NAME)";
				SDKROOT = macosx;
				SWIFT_ACTIVE_COMPILATION_CONDITIONS = DEBUG;
				SWIFT_OPTIMIZATION_LEVEL = "-Onone";
				SWIFT_VERSION = 5.0;
			};
			name = Debug;
		};
/* End XCBuildConfiguration section */

/* Begin XCConfigurationList section */
		0F28EEFC5C1759BB806280E7 /* Build configuration list for PBXProject "AiyoWisper" */ = {
			isa = XCConfigurationList;
			buildConfigurations = (
				AEEBAE222EB99317224CA96E /* Debug */,
				125F7D66DE5DD6C005B8DBA0 /* Release */,
			);
			defaultConfigurationIsVisible = 0;
			defaultConfigurationName = Debug;
		};
		D3EE9FB36CF18B8331DE55C7 /* Build configuration list for PBXNativeTarget "AiyoWisper" */ = {
			isa = XCConfigurationList;
			buildConfigurations = (
				9EE5D187784F0EC140EE0287 /* Debug */,
				0271AC8D798797CE74073ACA /* Release */,
			);
			defaultConfigurationIsVisible = 0;
			defaultConfigurationName = Debug;
		};
/* End XCConfigurationList section */

/* Begin XCRemoteSwiftPackageReference section */
		ACAF07E0B97FC86649FAB80A /* XCRemoteSwiftPackageReference "WhisperKit" */ = {
			isa = XCRemoteSwiftPackageReference;
			repositoryURL = "https://github.com/argmaxinc/WhisperKit.git";
			requirement = {
				kind = upToNextMajorVersion;
				minimumVersion = 0.9.0;
			};
		};
/* End XCRemoteSwiftPackageReference section */

/* Begin XCSwiftPackageProductDependency section */
		9AF4B98FF219E614181A668B /* WhisperKit */ = {
			isa = XCSwiftPackageProductDependency;
			package = ACAF07E0B97FC86649FAB80A /* XCRemoteSwiftPackageReference "WhisperKit" */;
			productName = WhisperKit;
		};
/* End XCSwiftPackageProductDependency section */
	};
	rootObject = 18FDD9345C3C58101066AD63 /* Project object */;
}
